
Microsoft Visual Studio Solution File, Format Version 12.00
# Visual Studio Version 17
VisualStudioVersion = 17.9.34714.143
MinimumVisualStudioVersion = 10.0.40219.1
Project("{8BC9CEB8-8B4A-11D0-8D11-00A0C91BC942}") = "demo", "HdriToCubemap\demo.vcxproj", "{F4807E4C-7139-3456-8993-C03530923FFE}"
EndProject
Global
	GlobalSection(SolutionConfigurationPlatforms) = preSolution
		Debug|x64 = Debug|x64
		MinSizeRel|x64 = MinSizeRel|x64
		Release|x64 = Release|x64
		RelWithDebInfo|x64 = RelWithDebInfo|x64
	EndGlobalSection
	GlobalSection(ProjectConfigurationPlatforms) = postSolution
		{F4807E4C-7139-3456-8993-C03530923FFE}.Debug|x64.ActiveCfg = Debug|x64
		{F4807E4C-7139-3456-8993-C03530923FFE}.Debug|x64.Build.0 = Debug|x64
		{F4807E4C-7139-3456-8993-C03530923FFE}.MinSizeRel|x64.ActiveCfg = MinSizeRel|x64
		{F4807E4C-7139-3456-8993-C03530923FFE}.MinSizeRel|x64.Build.0 = MinSizeRel|x64
		{F4807E4C-7139-3456-8993-C03530923FFE}.Release|x64.ActiveCfg = Release|x64
		{F4807E4C-7139-3456-8993-C03530923FFE}.Release|x64.Build.0 = Release|x64
		{F4807E4C-7139-3456-8993-C03530923FFE}.RelWithDebInfo|x64.ActiveCfg = RelWithDebInfo|x64
		{F4807E4C-7139-3456-8993-C03530923FFE}.RelWithDebInfo|x64.Build.0 = RelWithDebInfo|x64
	EndGlobalSection
	GlobalSection(SolutionProperties) = preSolution
		HideSolutionNode = FALSE
	EndGlobalSection
	GlobalSection(ExtensibilityGlobals) = postSolution
		SolutionGuid = {74D4D836-AB37-38F7-8787-4E4599F1D091}
	EndGlobalSection
EndGlobal
